schema: '2.0'
stages:
  download:
    cmd: uv run python scripts/download_data.py
    outs:
    - path: data/raw
      hash: md5
      md5: 26a595de8c32cce09174f0d91250f56b.dir
      size: 1354953156
      nfiles: 5
  prepare:
    cmd: uv run python scripts/prepare_data.py
    deps:
    - path: configs/data.yaml
      hash: md5
      md5: 4b8ebd9795a2fb7b3ebc90e4e7dc4e72
      size: 500
    - path: data/raw
      hash: md5
      md5: 26a595de8c32cce09174f0d91250f56b.dir
      size: 1354953156
      nfiles: 5
    params:
      configs/data.yaml:
        base_dir: data
        files:
          train_transaction: train_transaction.csv
          train_identity: train_identity.csv
          test_transaction: test_transaction.csv
          test_identity: test_identity.csv
          sample_submission: sample_submission.csv
        join_key: TransactionID
        target: isFraud
    outs:
    - path: data/processed
      hash: md5
      md5: 43b41ede9e8aeb0d224f61ff795f4abc.dir
      size: 157449730
      nfiles: 6
  train:
    cmd: uv run python -m fdml.models.train
    deps:
    - path: configs/data.yaml
      hash: md5
      md5: 4b8ebd9795a2fb7b3ebc90e4e7dc4e72
      size: 500
    - path: configs/features.yaml
      hash: md5
      md5: d7b0b259521a3b2913378bd8e91bdd94
      size: 7099
    - path: configs/train.yaml
      hash: md5
      md5: 0b084876e631c9202b25b15105d145f6
      size: 5078
    - path: data/processed
      hash: md5
      md5: 43b41ede9e8aeb0d224f61ff795f4abc.dir
      size: 157449730
      nfiles: 6
    - path: src/fdml/features/
      hash: md5
      md5: fd047ce48c1fa66a16f8ea34ca012388.dir
      size: 99407
      nfiles: 34
    - path: src/fdml/models/
      hash: md5
      md5: db42a10181475f8ef7f58786fc50fb37.dir
      size: 320882
      nfiles: 42
    - path: src/fdml/schemas/
      hash: md5
      md5: 5f71066b57bbe59204b8e99c01bf1e17.dir
      size: 78379
      nfiles: 14
    params:
      configs/train.yaml:
        early_stopping:
          enabled: true
          rounds: 100
          eval_metric: auc
          eval_max_rows: 20000
          train_eval_max_rows: 50000
        model:
          name: lightgbm
          artifact_dir: models/
          params:
            n_estimators: 1000
            learning_rate: 0.05
            max_depth: 8
            num_leaves: 127
            min_child_samples: 100
            subsample: 0.8
            colsample_bytree: 0.8
            reg_alpha: 0.1
            reg_lambda: 1.0
            scale_pos_weight: 27.6
            random_state: 42
            n_jobs: -1
        split:
          strategy: temporal
          time_col: TransactionDT
          test_size: 0.2
          embargo_seconds: 172800
    outs:
    - path: dvclive/metrics.json
      hash: md5
      md5: 201788bc507ed2364d1b850de3d803cf
      size: 513
    - path: dvclive/plots/metrics
      hash: md5
      md5: 68ca77d5ec903e07c6e43e1b5d940d9f.dir
      size: 497
      nfiles: 13
    - path: dvclive/plots/sklearn/precision_recall.json
      hash: md5
      md5: b7a357820ecb6d24b23b0c5d6d6fc0d9
      size: 17944054
    - path: dvclive/plots/sklearn/roc.json
      hash: md5
      md5: 4e324cb7c767ebe70676f65f8af1ffbd
      size: 789459
    - path: models/pipeline.joblib
      hash: md5
      md5: 0e9e6dff5870cab229b0e8d2c10227f3
      size: 6234582
