schema: '2.0'
stages:
  download:
    cmd: uv run python scripts/download_data.py
    outs:
    - path: data/raw
      hash: md5
      md5: 26a595de8c32cce09174f0d91250f56b.dir
      size: 1354953156
      nfiles: 5
  prepare:
    cmd: uv run python scripts/prepare_data.py
    deps:
    - path: configs/data.yaml
      hash: md5
      md5: 4b8ebd9795a2fb7b3ebc90e4e7dc4e72
      size: 500
    - path: data/raw
      hash: md5
      md5: 26a595de8c32cce09174f0d91250f56b.dir
      size: 1354953156
      nfiles: 5
    params:
      configs/data.yaml:
        base_dir: data
        files:
          train_transaction: train_transaction.csv
          train_identity: train_identity.csv
          test_transaction: test_transaction.csv
          test_identity: test_identity.csv
          sample_submission: sample_submission.csv
        join_key: TransactionID
        target: isFraud
    outs:
    - path: data/processed
      hash: md5
      md5: 43b41ede9e8aeb0d224f61ff795f4abc.dir
      size: 157449730
      nfiles: 6
  train:
    cmd: uv run python -m fdml.models.train
    deps:
    - path: configs/data.yaml
      hash: md5
      md5: 4b8ebd9795a2fb7b3ebc90e4e7dc4e72
      size: 500
    - path: configs/features.yaml
      hash: md5
      md5: 91c68c869d92d57c5f82c03659ff0029
      size: 4677
    - path: configs/train.yaml
      hash: md5
      md5: b96e18da3b47d33f7be10b7234e309a3
      size: 3081
    - path: data/processed
      hash: md5
      md5: 43b41ede9e8aeb0d224f61ff795f4abc.dir
      size: 157449730
      nfiles: 6
    - path: src/fdml/features/
      hash: md5
      md5: 729ee4477b5b64e8cc727436f3e35c4e.dir
      size: 60959
      nfiles: 22
    - path: src/fdml/models/
      hash: md5
      md5: 5027462afef095ffb7dea99caeceabed.dir
      size: 214298
      nfiles: 40
    - path: src/fdml/schemas/
      hash: md5
      md5: 6fbbc78083b63dc85c9e4d476e8b2a15.dir
      size: 64443
      nfiles: 14
    params:
      configs/train.yaml:
        early_stopping:
          enabled: true
          rounds: 100
          eval_metric: auc
        model:
          name: lightgbm
          artifact_dir: models/
          params:
            n_estimators: 1000
            learning_rate: 0.05
            max_depth: 8
            num_leaves: 127
            min_child_samples: 100
            subsample: 0.8
            colsample_bytree: 0.8
            reg_alpha: 0.1
            reg_lambda: 1.0
            scale_pos_weight: 27.6
            random_state: 42
            n_jobs: -1
        split:
          strategy: temporal
          time_col: TransactionDT
          test_size: 0.2
    outs:
    - path: dvclive/metrics.json
      hash: md5
      md5: 731a026501fd7cdd1b74f0e620a83cb3
      size: 261
    - path: dvclive/plots
      hash: md5
      md5: c977a117a42912a16468ffc706f01c9b.dir
      size: 18827855
      nfiles: 12
    - path: models/pipeline.joblib
      hash: md5
      md5: 7e413a7fdcfefd4a2429f3ce833d306e
      size: 9482294
