schema: '2.0'
stages:
  download:
    cmd: uv run python scripts/download_data.py
    outs:
    - path: data/raw
      hash: md5
      md5: 26a595de8c32cce09174f0d91250f56b.dir
      size: 1354953156
      nfiles: 5
  prepare:
    cmd: uv run python scripts/prepare_data.py
    deps:
    - path: configs/data.yaml
      hash: md5
      md5: 4b8ebd9795a2fb7b3ebc90e4e7dc4e72
      size: 500
    - path: data/raw
      hash: md5
      md5: 26a595de8c32cce09174f0d91250f56b.dir
      size: 1354953156
      nfiles: 5
    params:
      configs/data.yaml:
        base_dir: data
        files:
          train_transaction: train_transaction.csv
          train_identity: train_identity.csv
          test_transaction: test_transaction.csv
          test_identity: test_identity.csv
          sample_submission: sample_submission.csv
        join_key: TransactionID
        target: isFraud
    outs:
    - path: data/processed
      hash: md5
      md5: 43b41ede9e8aeb0d224f61ff795f4abc.dir
      size: 157449730
      nfiles: 6
  features:
    cmd: uv run python -m src.features.build_features
    deps:
    - path: configs/data.yaml
      hash: md5
      md5: 4b8ebd9795a2fb7b3ebc90e4e7dc4e72
      size: 500
    - path: configs/features.yaml
      hash: md5
      md5: 5b0a69e77ec57a4fc9a343a762958eb4
      size: 4675
    - path: data/processed
      hash: md5
      md5: 43b41ede9e8aeb0d224f61ff795f4abc.dir
      size: 157449730
      nfiles: 6
    - path: src/features/
      hash: md5
      md5: 573258259d4ca8ceb43390ae0d99aed0.dir
      size: 88624
      nfiles: 35
    - path: src/schemas/
      hash: md5
      md5: 82b78de0ede1325deefbbe647ca37355.dir
      size: 41586
      nfiles: 10
    params:
      configs/data.yaml:
        features_dir: ${base_dir}/features
        processed_dir: ${base_dir}/processed
      configs/features.yaml:
        encoding:
          low_cardinality_max_values: 50
          high_cardinality_strategy: frequency
          match_flags_encoding:
            T: 1
            F: 0
            nan: -1
        engineered:
          datetime:
          - hour_of_day
          - day_of_week
          - day_of_month
          device_os: true
          device_brand: true
          card_aggregations:
            group_by:
            - card1
            - card2
            - card3
            - card5
            aggregations:
              TransactionAmt:
              - mean
              - std
              - max
              - count
          frequency_encoding:
          - P_emaildomain
          - R_emaildomain
          - DeviceInfo
          - card1
        identity:
          categorical:
          - DeviceType
          - DeviceInfo
          id_features:
          - id_01
          - id_02
          - id_03
          - id_04
          - id_05
          - id_06
          - id_07
          - id_08
          - id_09
          - id_10
          - id_11
          - id_12
          - id_13
          - id_14
          - id_15
          - id_16
          - id_17
          - id_18
          - id_19
          - id_20
          - id_21
          - id_22
          - id_23
          - id_24
          - id_25
          - id_26
          - id_27
          - id_28
          - id_29
          - id_30
          - id_31
          - id_32
          - id_33
          - id_34
          - id_35
          - id_36
          - id_37
          - id_38
        imputation:
          numerical: -999
          categorical: missing
        transaction:
          target: isFraud
          numerical:
          - TransactionAmt
          - TransactionDT
          - dist1
          - dist2
          categorical:
          - ProductCD
          - card4
          - card6
          - P_emaildomain
          - R_emaildomain
          - M1
          - M2
          - M3
          - M4
          - M5
          - M6
          - M7
          - M8
          - M9
          high_cardinality:
          - card1
          - card2
          - card3
          - card5
          - addr1
          - addr2
          count_features:
          - C1
          - C2
          - C4
          - C5
          - C6
          - C7
          - C8
          - C9
          - C10
          - C11
          - C12
          - C13
          - C14
          delta_features:
          - D1
          - D2
          - D3
          - D4
          - D5
          - D10
          - D11
          - D15
          vesta_features:
            include: true
            variance_threshold: 0.01
            correlation_threshold: 0.95
    outs:
    - path: data/features
      hash: md5
      md5: 3f0702f95c927e3ac5ac7a5114a8e10f.dir
      size: 149981596
      nfiles: 3
